
Microsoft Visual Studio Solution File, Format Version 12.00
# Visual Studio Version 17
VisualStudioVersion = 17.14.37531.7 d17.14
MinimumVisualStudioVersion = 10.0.40219.1
Project("{FAE04EC0-301F-11D3-BF4B-00C04F79EFBC}") = "Rock-Paper-Scissors", "..\..\ConsolePro\Rock-Paper-Scissors\Rock-Paper-Scissors.csproj", "{D467188F-EDA7-44F2-B300-5C68DDEC301B}"
EndProject
Global
	GlobalSection(SolutionConfigurationPlatforms) = preSolution
		Debug|Any CPU = Debug|Any CPU
		Release|Any CPU = Release|Any CPU
	EndGlobalSection
	GlobalSection(ProjectConfigurationPlatforms) = postSolution
		{D467188F-EDA7-44F2-B300-5C68DDEC301B}.Debug|Any CPU.ActiveCfg = Debug|Any CPU
		{D467188F-EDA7-44F2-B300-5C68DDEC301B}.Debug|Any CPU.Build.0 = Debug|Any CPU
		{D467188F-EDA7-44F2-B300-5C68DDEC301B}.Release|Any CPU.ActiveCfg = Release|Any CPU
		{D467188F-EDA7-44F2-B300-5C68DDEC301B}.Release|Any CPU.Build.0 = Release|Any CPU
	EndGlobalSection
	GlobalSection(SolutionProperties) = preSolution
		HideSolutionNode = FALSE
	EndGlobalSection
	GlobalSection(ExtensibilityGlobals) = postSolution
		SolutionGuid = {0F81F2F9-7748-4B14-9C8A-E51D7D78D036}
	EndGlobalSection
EndGlobal
